// !$*UTF8*$!
{
	archiveVersion = 1;
	classes = {
	};
	objectVersion = 46;
	objects = {

/* Begin PBXBuildFile section */
		5F2DFDB8DB8F4D86BF604E35 /* libPods-kingpinTests.a in Frameworks */ = {isa = PBXBuildFile; fileRef = 9DB9F34F56DF40CBB9AA70B3 /* libPods-kingpinTests.a */; };
		86174DC718F9A08200014C48 /* KPGridClusteringAlgorithm.m in Sources */ = {isa = PBXBuildFile; fileRef = 86174DC618F9A08200014C48 /* KPGridClusteringAlgorithm.m */; };
		86174DC818F9AB5A00014C48 /* KPGridClusteringAlgorithm.m in Sources */ = {isa = PBXBuildFile; fileRef = 86174DC618F9A08200014C48 /* KPGridClusteringAlgorithm.m */; };
		8621639D1912202600724CEF /* KPAnnotationTests.m in Sources */ = {isa = PBXBuildFile; fileRef = 8605864518EC13400026144F /* KPAnnotationTests.m */; };
		8621639E1912202B00724CEF /* KPAnnotationTreeTests.m in Sources */ = {isa = PBXBuildFile; fileRef = 918925A418E7732900812296 /* KPAnnotationTreeTests.m */; };
		8621639F1912202B00724CEF /* KPGeometryTests.m in Sources */ = {isa = PBXBuildFile; fileRef = 866335981909E70E009E638D /* KPGeometryTests.m */; };
		867A7EAF1911B0BD00778F7B /* KPGridClusteringAlgorithmTests.m in Sources */ = {isa = PBXBuildFile; fileRef = 86174DCE18F9D25100014C48 /* KPGridClusteringAlgorithmTests.m */; };
		9122C06418E77A9E00356A3D /* CoreGraphics.framework in Frameworks */ = {isa = PBXBuildFile; fileRef = 9122C06318E77A9E00356A3D /* CoreGraphics.framework */; };
		9122C06618E77AAA00356A3D /* CoreLocation.framework in Frameworks */ = {isa = PBXBuildFile; fileRef = 9122C06518E77AAA00356A3D /* CoreLocation.framework */; };
		9122C06718E77AB800356A3D /* MapKit.framework in Frameworks */ = {isa = PBXBuildFile; fileRef = 91E9B69518E7509300EFE22C /* MapKit.framework */; };
		91437BE2193B9FE200436C88 /* MockMapView.m in Sources */ = {isa = PBXBuildFile; fileRef = 91437BE1193B9FE200436C88 /* MockMapView.m */; };
		9189259B18E7732900812296 /* XCTest.framework in Frameworks */ = {isa = PBXBuildFile; fileRef = 9189259A18E7732900812296 /* XCTest.framework */; };
		9189259C18E7732900812296 /* Foundation.framework in Frameworks */ = {isa = PBXBuildFile; fileRef = 93BBC0511645A2B2004BC920 /* Foundation.framework */; };
		9189259D18E7732900812296 /* UIKit.framework in Frameworks */ = {isa = PBXBuildFile; fileRef = 93BBC04F1645A2B2004BC920 /* UIKit.framework */; };
		918925A318E7732900812296 /* InfoPlist.strings in Resources */ = {isa = PBXBuildFile; fileRef = 918925A118E7732900812296 /* InfoPlist.strings */; };
		91E4FC2418E773F300AC8444 /* NSArray+KP.m in Sources */ = {isa = PBXBuildFile; fileRef = 9346910616A8F1C200DE59FA /* NSArray+KP.m */; };
		91E4FC2518E773F300AC8444 /* KPAnnotationTree.m in Sources */ = {isa = PBXBuildFile; fileRef = 93BBC0421645A1F8004BC920 /* KPAnnotationTree.m */; };
		91E4FC2618E773F300AC8444 /* KPAnnotation.m in Sources */ = {isa = PBXBuildFile; fileRef = 93BBC0461645A1F8004BC920 /* KPAnnotation.m */; };
		91E4FC2718E773F300AC8444 /* KPTreeController.m in Sources */ = {isa = PBXBuildFile; fileRef = 93BBC0891645A68F004BC920 /* KPTreeController.m */; };
		91E4FC2818E773F300AC8444 /* TestAnnotation.m in Sources */ = {isa = PBXBuildFile; fileRef = 93BBC0AE1645CAE5004BC920 /* TestAnnotation.m */; };
		9346910116A8EC8400DE59FA /* MyAnnotation.m in Sources */ = {isa = PBXBuildFile; fileRef = 9346910016A8EC8400DE59FA /* MyAnnotation.m */; };
		9346910716A8F1C200DE59FA /* NSArray+KP.m in Sources */ = {isa = PBXBuildFile; fileRef = 9346910616A8F1C200DE59FA /* NSArray+KP.m */; };
		93BBC0501645A2B2004BC920 /* UIKit.framework in Frameworks */ = {isa = PBXBuildFile; fileRef = 93BBC04F1645A2B2004BC920 /* UIKit.framework */; };
		93BBC0521645A2B2004BC920 /* Foundation.framework in Frameworks */ = {isa = PBXBuildFile; fileRef = 93BBC0511645A2B2004BC920 /* Foundation.framework */; };
		93BBC0541645A2B2004BC920 /* CoreGraphics.framework in Frameworks */ = {isa = PBXBuildFile; fileRef = 93BBC0531645A2B2004BC920 /* CoreGraphics.framework */; };
		93BBC07C1645A387004BC920 /* KPAnnotationTree.m in Sources */ = {isa = PBXBuildFile; fileRef = 93BBC0421645A1F8004BC920 /* KPAnnotationTree.m */; };
		93BBC07E1645A387004BC920 /* KPAnnotation.m in Sources */ = {isa = PBXBuildFile; fileRef = 93BBC0461645A1F8004BC920 /* KPAnnotation.m */; };
		93BBC0821645A39F004BC920 /* MapKit.framework in Frameworks */ = {isa = PBXBuildFile; fileRef = 93BBC0811645A39F004BC920 /* MapKit.framework */; };
		93BBC0871645A42A004BC920 /* CoreLocation.framework in Frameworks */ = {isa = PBXBuildFile; fileRef = 93BBC0861645A42A004BC920 /* CoreLocation.framework */; };
		93BBC08A1645A690004BC920 /* KPTreeController.m in Sources */ = {isa = PBXBuildFile; fileRef = 93BBC0891645A68F004BC920 /* KPTreeController.m */; };
		93BBC09F1645B78C004BC920 /* AppDelegate.m in Sources */ = {isa = PBXBuildFile; fileRef = 93BBC0921645B78C004BC920 /* AppDelegate.m */; };
		93BBC0A01645B78C004BC920 /* Default-568h@2x.png in Resources */ = {isa = PBXBuildFile; fileRef = 93BBC0931645B78C004BC920 /* Default-568h@2x.png */; };
		93BBC0A11645B78C004BC920 /* Default.png in Resources */ = {isa = PBXBuildFile; fileRef = 93BBC0941645B78C004BC920 /* Default.png */; };
		93BBC0A21645B78C004BC920 /* Default@2x.png in Resources */ = {isa = PBXBuildFile; fileRef = 93BBC0951645B78C004BC920 /* Default@2x.png */; };
		93BBC0A31645B78C004BC920 /* InfoPlist.strings in Resources */ = {isa = PBXBuildFile; fileRef = 93BBC0961645B78C004BC920 /* InfoPlist.strings */; };
		93BBC0A41645B78C004BC920 /* ViewController.xib in Resources */ = {isa = PBXBuildFile; fileRef = 93BBC0981645B78C004BC920 /* ViewController.xib */; };
		93BBC0A61645B78C004BC920 /* main.m in Sources */ = {isa = PBXBuildFile; fileRef = 93BBC09C1645B78C004BC920 /* main.m */; };
		93BBC0A71645B78C004BC920 /* ViewController.m in Sources */ = {isa = PBXBuildFile; fileRef = 93BBC09E1645B78C004BC920 /* ViewController.m */; };
		93BBC0AF1645CAE5004BC920 /* TestAnnotation.m in Sources */ = {isa = PBXBuildFile; fileRef = 93BBC0AE1645CAE5004BC920 /* TestAnnotation.m */; };
/* End PBXBuildFile section */

/* Begin PBXFileReference section */
		53FF343114C94B7CBF7FD684 /* Pods-kingpinTests.xcconfig */ = {isa = PBXFileReference; includeInIndex = 1; lastKnownFileType = text.xcconfig; name = "Pods-kingpinTests.xcconfig"; path = "Pods/Pods-kingpinTests.xcconfig"; sourceTree = "<group>"; };
		8605864518EC13400026144F /* KPAnnotationTests.m */ = {isa = PBXFileReference; fileEncoding = 4; lastKnownFileType = sourcecode.c.objc; path = KPAnnotationTests.m; sourceTree = "<group>"; };
		8605864718EC1F090026144F /* TestHelpers.h */ = {isa = PBXFileReference; fileEncoding = 4; lastKnownFileType = sourcecode.c.h; path = TestHelpers.h; sourceTree = "<group>"; };
		86174DC518F9A08200014C48 /* KPGridClusteringAlgorithm.h */ = {isa = PBXFileReference; fileEncoding = 4; lastKnownFileType = sourcecode.c.h; path = KPGridClusteringAlgorithm.h; sourceTree = "<group>"; };
		86174DC618F9A08200014C48 /* KPGridClusteringAlgorithm.m */ = {isa = PBXFileReference; fileEncoding = 4; lastKnownFileType = sourcecode.c.objc; path = KPGridClusteringAlgorithm.m; sourceTree = "<group>"; };
		86174DCE18F9D25100014C48 /* KPGridClusteringAlgorithmTests.m */ = {isa = PBXFileReference; fileEncoding = 4; lastKnownFileType = sourcecode.c.objc; path = KPGridClusteringAlgorithmTests.m; sourceTree = "<group>"; };
		86174DD018F9D7CF00014C48 /* KPGeometry.h */ = {isa = PBXFileReference; lastKnownFileType = sourcecode.c.h; path = KPGeometry.h; sourceTree = "<group>"; };
		8641D25318CAF14700B109E4 /* SenTestingKit.framework */ = {isa = PBXFileReference; lastKnownFileType = wrapper.framework; name = SenTestingKit.framework; path = Library/Frameworks/SenTestingKit.framework; sourceTree = DEVELOPER_DIR; };
		8641D26518CAF3C800B109E4 /* KPAnnotationTree_Private.h */ = {isa = PBXFileReference; lastKnownFileType = sourcecode.c.h; path = KPAnnotationTree_Private.h; sourceTree = "<group>"; };
		866335981909E70E009E638D /* KPGeometryTests.m */ = {isa = PBXFileReference; fileEncoding = 4; lastKnownFileType = sourcecode.c.objc; path = KPGeometryTests.m; sourceTree = "<group>"; };
		867A7EAE1911A0AE00778F7B /* KPGridClusteringAlgorithm_Private.h */ = {isa = PBXFileReference; lastKnownFileType = sourcecode.c.h; path = KPGridClusteringAlgorithm_Private.h; sourceTree = "<group>"; };
		9122C06318E77A9E00356A3D /* CoreGraphics.framework */ = {isa = PBXFileReference; lastKnownFileType = wrapper.framework; name = CoreGraphics.framework; path = Platforms/iPhoneOS.platform/Developer/SDKs/iPhoneOS7.0.sdk/System/Library/Frameworks/CoreGraphics.framework; sourceTree = DEVELOPER_DIR; };
		9122C06518E77AAA00356A3D /* CoreLocation.framework */ = {isa = PBXFileReference; lastKnownFileType = wrapper.framework; name = CoreLocation.framework; path = Platforms/iPhoneOS.platform/Developer/SDKs/iPhoneOS7.0.sdk/System/Library/Frameworks/CoreLocation.framework; sourceTree = DEVELOPER_DIR; };
		91437BE0193B9FE200436C88 /* MockMapView.h */ = {isa = PBXFileReference; fileEncoding = 4; lastKnownFileType = sourcecode.c.h; path = MockMapView.h; sourceTree = "<group>"; };
		91437BE1193B9FE200436C88 /* MockMapView.m */ = {isa = PBXFileReference; fileEncoding = 4; lastKnownFileType = sourcecode.c.objc; path = MockMapView.m; sourceTree = "<group>"; };
		9189259918E7732900812296 /* kingpinTests.xctest */ = {isa = PBXFileReference; explicitFileType = wrapper.cfbundle; includeInIndex = 0; path = kingpinTests.xctest; sourceTree = BUILT_PRODUCTS_DIR; };
		9189259A18E7732900812296 /* XCTest.framework */ = {isa = PBXFileReference; lastKnownFileType = wrapper.framework; name = XCTest.framework; path = Library/Frameworks/XCTest.framework; sourceTree = DEVELOPER_DIR; };
		918925A018E7732900812296 /* kingpinTests-Info.plist */ = {isa = PBXFileReference; lastKnownFileType = text.plist.xml; path = "kingpinTests-Info.plist"; sourceTree = "<group>"; };
		918925A218E7732900812296 /* en */ = {isa = PBXFileReference; lastKnownFileType = text.plist.strings; name = en; path = en.lproj/InfoPlist.strings; sourceTree = "<group>"; };
		918925A418E7732900812296 /* KPAnnotationTreeTests.m */ = {isa = PBXFileReference; lastKnownFileType = sourcecode.c.objc; path = KPAnnotationTreeTests.m; sourceTree = "<group>"; };
		918925A618E7732900812296 /* kingpinTests-Prefix.pch */ = {isa = PBXFileReference; lastKnownFileType = sourcecode.c.h; path = "kingpinTests-Prefix.pch"; sourceTree = "<group>"; };
		91E9B69518E7509300EFE22C /* MapKit.framework */ = {isa = PBXFileReference; lastKnownFileType = wrapper.framework; name = MapKit.framework; path = Platforms/iPhoneOS.platform/Developer/SDKs/iPhoneOS7.0.sdk/System/Library/Frameworks/MapKit.framework; sourceTree = DEVELOPER_DIR; };
		91F1B6B3193B762500A2E144 /* KPClusteringAlgorithm.h */ = {isa = PBXFileReference; lastKnownFileType = sourcecode.c.h; path = KPClusteringAlgorithm.h; sourceTree = "<group>"; };
		934690FF16A8EC8400DE59FA /* MyAnnotation.h */ = {isa = PBXFileReference; fileEncoding = 4; lastKnownFileType = sourcecode.c.h; path = MyAnnotation.h; sourceTree = "<group>"; };
		9346910016A8EC8400DE59FA /* MyAnnotation.m */ = {isa = PBXFileReference; fileEncoding = 4; lastKnownFileType = sourcecode.c.objc; path = MyAnnotation.m; sourceTree = "<group>"; };
		9346910516A8F1C200DE59FA /* NSArray+KP.h */ = {isa = PBXFileReference; fileEncoding = 4; lastKnownFileType = sourcecode.c.h; path = "NSArray+KP.h"; sourceTree = "<group>"; };
		9346910616A8F1C200DE59FA /* NSArray+KP.m */ = {isa = PBXFileReference; fileEncoding = 4; lastKnownFileType = sourcecode.c.objc; path = "NSArray+KP.m"; sourceTree = "<group>"; };
		93BBC0411645A1F8004BC920 /* KPAnnotationTree.h */ = {isa = PBXFileReference; lastKnownFileType = sourcecode.c.h; path = KPAnnotationTree.h; sourceTree = "<group>"; };
		93BBC0421645A1F8004BC920 /* KPAnnotationTree.m */ = {isa = PBXFileReference; lastKnownFileType = sourcecode.c.objc; path = KPAnnotationTree.m; sourceTree = "<group>"; };
		93BBC0451645A1F8004BC920 /* KPAnnotation.h */ = {isa = PBXFileReference; lastKnownFileType = sourcecode.c.h; path = KPAnnotation.h; sourceTree = "<group>"; };
		93BBC0461645A1F8004BC920 /* KPAnnotation.m */ = {isa = PBXFileReference; lastKnownFileType = sourcecode.c.objc; path = KPAnnotation.m; sourceTree = "<group>"; };
		93BBC04B1645A2B2004BC920 /* kingpinTestApplication.app */ = {isa = PBXFileReference; explicitFileType = wrapper.application; includeInIndex = 0; path = kingpinTestApplication.app; sourceTree = BUILT_PRODUCTS_DIR; };
		93BBC04F1645A2B2004BC920 /* UIKit.framework */ = {isa = PBXFileReference; lastKnownFileType = wrapper.framework; name = UIKit.framework; path = Library/Frameworks/UIKit.framework; sourceTree = DEVELOPER_DIR; };
		93BBC0511645A2B2004BC920 /* Foundation.framework */ = {isa = PBXFileReference; lastKnownFileType = wrapper.framework; name = Foundation.framework; path = Library/Frameworks/Foundation.framework; sourceTree = DEVELOPER_DIR; };
		93BBC0531645A2B2004BC920 /* CoreGraphics.framework */ = {isa = PBXFileReference; lastKnownFileType = wrapper.framework; name = CoreGraphics.framework; path = Library/Frameworks/CoreGraphics.framework; sourceTree = DEVELOPER_DIR; };
		93BBC0811645A39F004BC920 /* MapKit.framework */ = {isa = PBXFileReference; lastKnownFileType = wrapper.framework; name = MapKit.framework; path = Platforms/iPhoneOS.platform/Developer/SDKs/iPhoneOS6.0.sdk/System/Library/Frameworks/MapKit.framework; sourceTree = DEVELOPER_DIR; };
		93BBC0861645A42A004BC920 /* CoreLocation.framework */ = {isa = PBXFileReference; lastKnownFileType = wrapper.framework; name = CoreLocation.framework; path = Platforms/iPhoneOS.platform/Developer/SDKs/iPhoneOS6.0.sdk/System/Library/Frameworks/CoreLocation.framework; sourceTree = DEVELOPER_DIR; };
		93BBC0881645A68F004BC920 /* KPTreeController.h */ = {isa = PBXFileReference; fileEncoding = 4; lastKnownFileType = sourcecode.c.h; path = KPTreeController.h; sourceTree = "<group>"; };
		93BBC0891645A68F004BC920 /* KPTreeController.m */ = {isa = PBXFileReference; fileEncoding = 4; lastKnownFileType = sourcecode.c.objc; path = KPTreeController.m; sourceTree = "<group>"; };
		93BBC0911645B78C004BC920 /* AppDelegate.h */ = {isa = PBXFileReference; fileEncoding = 4; lastKnownFileType = sourcecode.c.h; path = AppDelegate.h; sourceTree = "<group>"; };
		93BBC0921645B78C004BC920 /* AppDelegate.m */ = {isa = PBXFileReference; fileEncoding = 4; lastKnownFileType = sourcecode.c.objc; path = AppDelegate.m; sourceTree = "<group>"; };
		93BBC0931645B78C004BC920 /* Default-568h@2x.png */ = {isa = PBXFileReference; lastKnownFileType = image.png; path = "Default-568h@2x.png"; sourceTree = "<group>"; };
		93BBC0941645B78C004BC920 /* Default.png */ = {isa = PBXFileReference; lastKnownFileType = image.png; path = Default.png; sourceTree = "<group>"; };
		93BBC0951645B78C004BC920 /* Default@2x.png */ = {isa = PBXFileReference; lastKnownFileType = image.png; path = "Default@2x.png"; sourceTree = "<group>"; };
		93BBC0971645B78C004BC920 /* en */ = {isa = PBXFileReference; lastKnownFileType = text.plist.strings; name = en; path = en.lproj/InfoPlist.strings; sourceTree = "<group>"; };
		93BBC0991645B78C004BC920 /* en */ = {isa = PBXFileReference; lastKnownFileType = file.xib; name = en; path = en.lproj/ViewController.xib; sourceTree = "<group>"; };
		93BBC09A1645B78C004BC920 /* kingpinTestApplication-Info.plist */ = {isa = PBXFileReference; fileEncoding = 4; lastKnownFileType = text.plist.xml; path = "kingpinTestApplication-Info.plist"; sourceTree = "<group>"; };
		93BBC09B1645B78C004BC920 /* kingpinTestApplication-Prefix.pch */ = {isa = PBXFileReference; fileEncoding = 4; lastKnownFileType = sourcecode.c.h; path = "kingpinTestApplication-Prefix.pch"; sourceTree = "<group>"; };
		93BBC09C1645B78C004BC920 /* main.m */ = {isa = PBXFileReference; fileEncoding = 4; lastKnownFileType = sourcecode.c.objc; path = main.m; sourceTree = "<group>"; };
		93BBC09D1645B78C004BC920 /* ViewController.h */ = {isa = PBXFileReference; fileEncoding = 4; lastKnownFileType = sourcecode.c.h; path = ViewController.h; sourceTree = "<group>"; };
		93BBC09E1645B78C004BC920 /* ViewController.m */ = {isa = PBXFileReference; fileEncoding = 4; lastKnownFileType = sourcecode.c.objc; path = ViewController.m; sourceTree = "<group>"; };
		93BBC0AD1645CAE5004BC920 /* TestAnnotation.h */ = {isa = PBXFileReference; fileEncoding = 4; lastKnownFileType = sourcecode.c.h; path = TestAnnotation.h; sourceTree = "<group>"; };
		93BBC0AE1645CAE5004BC920 /* TestAnnotation.m */ = {isa = PBXFileReference; fileEncoding = 4; lastKnownFileType = sourcecode.c.objc; path = TestAnnotation.m; sourceTree = "<group>"; };
		9DB9F34F56DF40CBB9AA70B3 /* libPods-kingpinTests.a */ = {isa = PBXFileReference; explicitFileType = archive.ar; includeInIndex = 0; path = "libPods-kingpinTests.a"; sourceTree = BUILT_PRODUCTS_DIR; };
/* End PBXFileReference section */

/* Begin PBXFrameworksBuildPhase section */
		9189259618E7732900812296 /* Frameworks */ = {
			isa = PBXFrameworksBuildPhase;
			buildActionMask = 2147483647;
			files = (
				9122C06718E77AB800356A3D /* MapKit.framework in Frameworks */,
				9122C06618E77AAA00356A3D /* CoreLocation.framework in Frameworks */,
				9122C06418E77A9E00356A3D /* CoreGraphics.framework in Frameworks */,
				9189259B18E7732900812296 /* XCTest.framework in Frameworks */,
				9189259D18E7732900812296 /* UIKit.framework in Frameworks */,
				9189259C18E7732900812296 /* Foundation.framework in Frameworks */,
				5F2DFDB8DB8F4D86BF604E35 /* libPods-kingpinTests.a in Frameworks */,
			);
			runOnlyForDeploymentPostprocessing = 0;
		};
		93BBC0481645A2B2004BC920 /* Frameworks */ = {
			isa = PBXFrameworksBuildPhase;
			buildActionMask = 2147483647;
			files = (
				93BBC0871645A42A004BC920 /* CoreLocation.framework in Frameworks */,
				93BBC0821645A39F004BC920 /* MapKit.framework in Frameworks */,
				93BBC0501645A2B2004BC920 /* UIKit.framework in Frameworks */,
				93BBC0521645A2B2004BC920 /* Foundation.framework in Frameworks */,
				93BBC0541645A2B2004BC920 /* CoreGraphics.framework in Frameworks */,
			);
			runOnlyForDeploymentPostprocessing = 0;
		};
/* End PBXFrameworksBuildPhase section */

/* Begin PBXGroup section */
		9189259E18E7732900812296 /* kingpinTests */ = {
			isa = PBXGroup;
			children = (
				918925A418E7732900812296 /* KPAnnotationTreeTests.m */,
				9189259F18E7732900812296 /* Supporting Files */,
				8605864518EC13400026144F /* KPAnnotationTests.m */,
				8605864718EC1F090026144F /* TestHelpers.h */,
				86174DCE18F9D25100014C48 /* KPGridClusteringAlgorithmTests.m */,
				866335981909E70E009E638D /* KPGeometryTests.m */,
				91437BE0193B9FE200436C88 /* MockMapView.h */,
				91437BE1193B9FE200436C88 /* MockMapView.m */,
			);
			path = kingpinTests;
			sourceTree = "<group>";
		};
		9189259F18E7732900812296 /* Supporting Files */ = {
			isa = PBXGroup;
			children = (
				918925A018E7732900812296 /* kingpinTests-Info.plist */,
				918925A118E7732900812296 /* InfoPlist.strings */,
				918925A618E7732900812296 /* kingpinTests-Prefix.pch */,
			);
			name = "Supporting Files";
			sourceTree = "<group>";
		};
		9346910316A8F17D00DE59FA /* kp */ = {
			isa = PBXGroup;
			children = (
				8641D26518CAF3C800B109E4 /* KPAnnotationTree_Private.h */,
				93BBC0411645A1F8004BC920 /* KPAnnotationTree.h */,
				93BBC0421645A1F8004BC920 /* KPAnnotationTree.m */,
				93BBC0451645A1F8004BC920 /* KPAnnotation.h */,
				93BBC0461645A1F8004BC920 /* KPAnnotation.m */,
				93BBC0881645A68F004BC920 /* KPTreeController.h */,
				93BBC0891645A68F004BC920 /* KPTreeController.m */,
				86174DC518F9A08200014C48 /* KPGridClusteringAlgorithm.h */,
				86174DC618F9A08200014C48 /* KPGridClusteringAlgorithm.m */,
				86174DD018F9D7CF00014C48 /* KPGeometry.h */,
				867A7EAE1911A0AE00778F7B /* KPGridClusteringAlgorithm_Private.h */,
				91F1B6B3193B762500A2E144 /* KPClusteringAlgorithm.h */,
			);
			name = kp;
			sourceTree = "<group>";
		};
		9346910416A8F18A00DE59FA /* categories */ = {
			isa = PBXGroup;
			children = (
				9346910516A8F1C200DE59FA /* NSArray+KP.h */,
				9346910616A8F1C200DE59FA /* NSArray+KP.m */,
			);
			name = categories;
			sourceTree = "<group>";
		};
		93BBC02D1645A119004BC920 = {
			isa = PBXGroup;
			children = (
				93BBC03A1645A16D004BC920 /* kingpin */,
				93BBC0901645B78C004BC920 /* tester */,
				9189259E18E7732900812296 /* kingpinTests */,
				93BBC04E1645A2B2004BC920 /* Frameworks */,
				93BBC04C1645A2B2004BC920 /* Products */,
				53FF343114C94B7CBF7FD684 /* Pods-kingpinTests.xcconfig */,
			);
			sourceTree = "<group>";
		};
		93BBC03A1645A16D004BC920 /* kingpin */ = {
			isa = PBXGroup;
			children = (
				93BBC0401645A1F8004BC920 /* src */,
			);
			name = kingpin;
			sourceTree = "<group>";
		};
		93BBC0401645A1F8004BC920 /* src */ = {
			isa = PBXGroup;
			children = (
				9346910416A8F18A00DE59FA /* categories */,
				9346910316A8F17D00DE59FA /* kp */,
			);
			path = src;
			sourceTree = "<group>";
		};
		93BBC04C1645A2B2004BC920 /* Products */ = {
			isa = PBXGroup;
			children = (
				93BBC04B1645A2B2004BC920 /* kingpinTestApplication.app */,
				9189259918E7732900812296 /* kingpinTests.xctest */,
			);
			name = Products;
			sourceTree = "<group>";
		};
		93BBC04E1645A2B2004BC920 /* Frameworks */ = {
			isa = PBXGroup;
			children = (
				9122C06518E77AAA00356A3D /* CoreLocation.framework */,
				9122C06318E77A9E00356A3D /* CoreGraphics.framework */,
				91E9B69518E7509300EFE22C /* MapKit.framework */,
				93BBC0861645A42A004BC920 /* CoreLocation.framework */,
				93BBC0811645A39F004BC920 /* MapKit.framework */,
				93BBC04F1645A2B2004BC920 /* UIKit.framework */,
				93BBC0511645A2B2004BC920 /* Foundation.framework */,
				93BBC0531645A2B2004BC920 /* CoreGraphics.framework */,
				8641D25318CAF14700B109E4 /* SenTestingKit.framework */,
				9189259A18E7732900812296 /* XCTest.framework */,
				9DB9F34F56DF40CBB9AA70B3 /* libPods-kingpinTests.a */,
			);
			name = Frameworks;
			sourceTree = "<group>";
		};
		93BBC0901645B78C004BC920 /* tester */ = {
			isa = PBXGroup;
			children = (
				93BBC0911645B78C004BC920 /* AppDelegate.h */,
				93BBC0921645B78C004BC920 /* AppDelegate.m */,
				93BBC0931645B78C004BC920 /* Default-568h@2x.png */,
				93BBC0941645B78C004BC920 /* Default.png */,
				93BBC0951645B78C004BC920 /* Default@2x.png */,
				93BBC0961645B78C004BC920 /* InfoPlist.strings */,
				93BBC09A1645B78C004BC920 /* kingpinTestApplication-Info.plist */,
				93BBC09B1645B78C004BC920 /* kingpinTestApplication-Prefix.pch */,
				93BBC09C1645B78C004BC920 /* main.m */,
				93BBC0AD1645CAE5004BC920 /* TestAnnotation.h */,
				93BBC0AE1645CAE5004BC920 /* TestAnnotation.m */,
				93BBC09D1645B78C004BC920 /* ViewController.h */,
				93BBC09E1645B78C004BC920 /* ViewController.m */,
				93BBC0981645B78C004BC920 /* ViewController.xib */,
				934690FF16A8EC8400DE59FA /* MyAnnotation.h */,
				9346910016A8EC8400DE59FA /* MyAnnotation.m */,
			);
			path = tester;
			sourceTree = "<group>";
		};
/* End PBXGroup section */

/* Begin PBXNativeTarget section */
		9189259818E7732900812296 /* kingpinTests */ = {
			isa = PBXNativeTarget;
			buildConfigurationList = 918925A718E7732900812296 /* Build configuration list for PBXNativeTarget "kingpinTests" */;
			buildPhases = (
				EC22EB4CCAFA497491C104EC /* Check Pods Manifest.lock */,
				9189259518E7732900812296 /* Sources */,
				9189259618E7732900812296 /* Frameworks */,
				9189259718E7732900812296 /* Resources */,
				E57420E1AD034B8695DCDD51 /* Copy Pods Resources */,
			);
			buildRules = (
			);
			dependencies = (
			);
			name = kingpinTests;
			productName = kingpinTests;
			productReference = 9189259918E7732900812296 /* kingpinTests.xctest */;
			productType = "com.apple.product-type.bundle.unit-test";
		};
		93BBC04A1645A2B2004BC920 /* kingpinTestApplication */ = {
			isa = PBXNativeTarget;
			buildConfigurationList = 93BBC06D1645A2B3004BC920 /* Build configuration list for PBXNativeTarget "kingpinTestApplication" */;
			buildPhases = (
				93BBC0471645A2B2004BC920 /* Sources */,
				93BBC0481645A2B2004BC920 /* Frameworks */,
				93BBC0491645A2B2004BC920 /* Resources */,
			);
			buildRules = (
			);
			dependencies = (
			);
			name = kingpinTestApplication;
			productName = CATreeTestApplication;
			productReference = 93BBC04B1645A2B2004BC920 /* kingpinTestApplication.app */;
			productType = "com.apple.product-type.application";
		};
/* End PBXNativeTarget section */

/* Begin PBXProject section */
		93BBC02F1645A119004BC920 /* Project object */ = {
			isa = PBXProject;
			attributes = {
				LastUpgradeCheck = 0510;
			};
			buildConfigurationList = 93BBC0321645A119004BC920 /* Build configuration list for PBXProject "kingpin" */;
			compatibilityVersion = "Xcode 3.2";
			developmentRegion = English;
			hasScannedForEncodings = 0;
			knownRegions = (
				en,
			);
			mainGroup = 93BBC02D1645A119004BC920;
			productRefGroup = 93BBC04C1645A2B2004BC920 /* Products */;
			projectDirPath = "";
			projectRoot = "";
			targets = (
				93BBC04A1645A2B2004BC920 /* kingpinTestApplication */,
				9189259818E7732900812296 /* kingpinTests */,
			);
		};
/* End PBXProject section */

/* Begin PBXResourcesBuildPhase section */
		9189259718E7732900812296 /* Resources */ = {
			isa = PBXResourcesBuildPhase;
			buildActionMask = 2147483647;
			files = (
				918925A318E7732900812296 /* InfoPlist.strings in Resources */,
			);
			runOnlyForDeploymentPostprocessing = 0;
		};
		93BBC0491645A2B2004BC920 /* Resources */ = {
			isa = PBXResourcesBuildPhase;
			buildActionMask = 2147483647;
			files = (
				93BBC0A01645B78C004BC920 /* Default-568h@2x.png in Resources */,
				93BBC0A11645B78C004BC920 /* Default.png in Resources */,
				93BBC0A21645B78C004BC920 /* Default@2x.png in Resources */,
				93BBC0A31645B78C004BC920 /* InfoPlist.strings in Resources */,
				93BBC0A41645B78C004BC920 /* ViewController.xib in Resources */,
			);
			runOnlyForDeploymentPostprocessing = 0;
		};
/* End PBXResourcesBuildPhase section */

/* Begin PBXShellScriptBuildPhase section */
		E57420E1AD034B8695DCDD51 /* Copy Pods Resources */ = {
			isa = PBXShellScriptBuildPhase;
			buildActionMask = 2147483647;
			files = (
			);
			inputPaths = (
			);
			name = "Copy Pods Resources";
			outputPaths = (
			);
			runOnlyForDeploymentPostprocessing = 0;
			shellPath = /bin/sh;
			shellScript = "\"${SRCROOT}/Pods/Pods-kingpinTests-resources.sh\"\n";
			showEnvVarsInLog = 0;
		};
		EC22EB4CCAFA497491C104EC /* Check Pods Manifest.lock */ = {
			isa = PBXShellScriptBuildPhase;
			buildActionMask = 2147483647;
			files = (
			);
			inputPaths = (
			);
			name = "Check Pods Manifest.lock";
			outputPaths = (
			);
			runOnlyForDeploymentPostprocessing = 0;
			shellPath = /bin/sh;
			shellScript = "diff \"${PODS_ROOT}/../Podfile.lock\" \"${PODS_ROOT}/Manifest.lock\" > /dev/null\nif [[ $? != 0 ]] ; then\n    cat << EOM\nerror: The sandbox is not in sync with the Podfile.lock. Run 'pod install' or update your CocoaPods installation.\nEOM\n    exit 1\nfi\n";
			showEnvVarsInLog = 0;
		};
/* End PBXShellScriptBuildPhase section */

/* Begin PBXSourcesBuildPhase section */
		9189259518E7732900812296 /* Sources */ = {
			isa = PBXSourcesBuildPhase;
			buildActionMask = 2147483647;
			files = (
				91E4FC2718E773F300AC8444 /* KPTreeController.m in Sources */,
				91E4FC2818E773F300AC8444 /* TestAnnotation.m in Sources */,
				867A7EAF1911B0BD00778F7B /* KPGridClusteringAlgorithmTests.m in Sources */,
				8621639E1912202B00724CEF /* KPAnnotationTreeTests.m in Sources */,
				8621639F1912202B00724CEF /* KPGeometryTests.m in Sources */,
				91E4FC2418E773F300AC8444 /* NSArray+KP.m in Sources */,
				91437BE2193B9FE200436C88 /* MockMapView.m in Sources */,
				91E4FC2518E773F300AC8444 /* KPAnnotationTree.m in Sources */,
				86174DC818F9AB5A00014C48 /* KPGridClusteringAlgorithm.m in Sources */,
				91E4FC2618E773F300AC8444 /* KPAnnotation.m in Sources */,
				8621639D1912202600724CEF /* KPAnnotationTests.m in Sources */,
			);
			runOnlyForDeploymentPostprocessing = 0;
		};
		93BBC0471645A2B2004BC920 /* Sources */ = {
			isa = PBXSourcesBuildPhase;
			buildActionMask = 2147483647;
			files = (
				93BBC07C1645A387004BC920 /* KPAnnotationTree.m in Sources */,
				93BBC07E1645A387004BC920 /* KPAnnotation.m in Sources */,
				93BBC08A1645A690004BC920 /* KPTreeController.m in Sources */,
				93BBC09F1645B78C004BC920 /* AppDelegate.m in Sources */,
				93BBC0A61645B78C004BC920 /* main.m in Sources */,
				93BBC0A71645B78C004BC920 /* ViewController.m in Sources */,
				86174DC718F9A08200014C48 /* KPGridClusteringAlgorithm.m in Sources */,
				93BBC0AF1645CAE5004BC920 /* TestAnnotation.m in Sources */,
				9346910116A8EC8400DE59FA /* MyAnnotation.m in Sources */,
				9346910716A8F1C200DE59FA /* NSArray+KP.m in Sources */,
			);
			runOnlyForDeploymentPostprocessing = 0;
		};
/* End PBXSourcesBuildPhase section */

/* Begin PBXVariantGroup section */
		918925A118E7732900812296 /* InfoPlist.strings */ = {
			isa = PBXVariantGroup;
			children = (
				918925A218E7732900812296 /* en */,
			);
			name = InfoPlist.strings;
			sourceTree = "<group>";
		};
		93BBC0961645B78C004BC920 /* InfoPlist.strings */ = {
			isa = PBXVariantGroup;
			children = (
				93BBC0971645B78C004BC920 /* en */,
			);
			name = InfoPlist.strings;
			sourceTree = "<group>";
		};
		93BBC0981645B78C004BC920 /* ViewController.xib */ = {
			isa = PBXVariantGroup;
			children = (
				93BBC0991645B78C004BC920 /* en */,
			);
			name = ViewController.xib;
			sourceTree = "<group>";
		};
/* End PBXVariantGroup section */

/* Begin XCBuildConfiguration section */
		918925A818E7732900812296 /* Debug */ = {
			isa = XCBuildConfiguration;
			baseConfigurationReference = 53FF343114C94B7CBF7FD684 /* Pods-kingpinTests.xcconfig */;
			buildSettings = {
				ALWAYS_SEARCH_USER_PATHS = NO;
				CLANG_CXX_LANGUAGE_STANDARD = "gnu++0x";
				CLANG_CXX_LIBRARY = "libc++";
				CLANG_ENABLE_MODULES = NO;
				CLANG_ENABLE_OBJC_ARC = YES;
				CLANG_WARN_BOOL_CONVERSION = YES;
				CLANG_WARN_CONSTANT_CONVERSION = YES;
				CLANG_WARN_DIRECT_OBJC_ISA_USAGE = YES_ERROR;
				CLANG_WARN_EMPTY_BODY = YES;
				CLANG_WARN_ENUM_CONVERSION = YES;
				CLANG_WARN_INT_CONVERSION = YES;
				CLANG_WARN_OBJC_ROOT_CLASS = YES_ERROR;
				CLANG_WARN__DUPLICATE_METHOD_MATCH = YES;
				COPY_PHASE_STRIP = NO;
				FRAMEWORK_SEARCH_PATHS = (
					"$(SDKROOT)/Developer/Library/Frameworks",
					"$(inherited)",
					"$(DEVELOPER_FRAMEWORKS_DIR)",
				);
				GCC_C_LANGUAGE_STANDARD = gnu99;
				GCC_DYNAMIC_NO_PIC = NO;
				GCC_OPTIMIZATION_LEVEL = 0;
				GCC_PRECOMPILE_PREFIX_HEADER = YES;
				GCC_PREFIX_HEADER = "kingpinTests/kingpinTests-Prefix.pch";
				GCC_PREPROCESSOR_DEFINITIONS = (
					"DEBUG=1",
					"$(inherited)",
				);
				GCC_SYMBOLS_PRIVATE_EXTERN = NO;
				GCC_WARN_64_TO_32_BIT_CONVERSION = YES;
				GCC_WARN_ABOUT_RETURN_TYPE = YES_ERROR;
				GCC_WARN_UNDECLARED_SELECTOR = YES;
				GCC_WARN_UNINITIALIZED_AUTOS = YES;
				GCC_WARN_UNUSED_FUNCTION = YES;
				GCC_WARN_UNUSED_VARIABLE = YES;
				INFOPLIST_FILE = "kingpinTests/kingpinTests-Info.plist";
				IPHONEOS_DEPLOYMENT_TARGET = 7.0;
				LIBRARY_SEARCH_PATHS = (
					"$(inherited)",
					"$(PROJECT_DIR)/kingpinTests",
				);
				ONLY_ACTIVE_ARCH = YES;
				PRODUCT_NAME = "$(TARGET_NAME)";
				SDKROOT = iphoneos;
				WRAPPER_EXTENSION = xctest;
			};
			name = Debug;
		};
		918925A918E7732900812296 /* Release */ = {
			isa = XCBuildConfiguration;
			baseConfigurationReference = 53FF343114C94B7CBF7FD684 /* Pods-kingpinTests.xcconfig */;
			buildSettings = {
				ALWAYS_SEARCH_USER_PATHS = NO;
				CLANG_CXX_LANGUAGE_STANDARD = "gnu++0x";
				CLANG_CXX_LIBRARY = "libc++";
				CLANG_ENABLE_MODULES = NO;
				CLANG_ENABLE_OBJC_ARC = YES;
				CLANG_WARN_BOOL_CONVERSION = YES;
				CLANG_WARN_CONSTANT_CONVERSION = YES;
				CLANG_WARN_DIRECT_OBJC_ISA_USAGE = YES_ERROR;
				CLANG_WARN_EMPTY_BODY = YES;
				CLANG_WARN_ENUM_CONVERSION = YES;
				CLANG_WARN_INT_CONVERSION = YES;
				CLANG_WARN_OBJC_ROOT_CLASS = YES_ERROR;
				CLANG_WARN__DUPLICATE_METHOD_MATCH = YES;
				COPY_PHASE_STRIP = YES;
				ENABLE_NS_ASSERTIONS = NO;
				FRAMEWORK_SEARCH_PATHS = (
					"$(SDKROOT)/Developer/Library/Frameworks",
					"$(inherited)",
					"$(DEVELOPER_FRAMEWORKS_DIR)",
				);
				GCC_C_LANGUAGE_STANDARD = gnu99;
				GCC_PRECOMPILE_PREFIX_HEADER = YES;
				GCC_PREFIX_HEADER = "kingpinTests/kingpinTests-Prefix.pch";
				GCC_WARN_64_TO_32_BIT_CONVERSION = YES;
				GCC_WARN_ABOUT_RETURN_TYPE = YES_ERROR;
				GCC_WARN_UNDECLARED_SELECTOR = YES;
				GCC_WARN_UNINITIALIZED_AUTOS = YES;
				GCC_WARN_UNUSED_FUNCTION = YES;
				GCC_WARN_UNUSED_VARIABLE = YES;
				INFOPLIST_FILE = "kingpinTests/kingpinTests-Info.plist";
				IPHONEOS_DEPLOYMENT_TARGET = 7.0;
				LIBRARY_SEARCH_PATHS = (
					"$(inherited)",
					"$(PROJECT_DIR)/kingpinTests",
				);
				PRODUCT_NAME = "$(TARGET_NAME)";
				SDKROOT = iphoneos;
				VALIDATE_PRODUCT = YES;
				WRAPPER_EXTENSION = xctest;
			};
			name = Release;
		};
		93BBC0341645A119004BC920 /* Debug */ = {
			isa = XCBuildConfiguration;
			buildSettings = {
				ONLY_ACTIVE_ARCH = YES;
			};
			name = Debug;
		};
		93BBC0351645A119004BC920 /* Release */ = {
			isa = XCBuildConfiguration;
			buildSettings = {
			};
			name = Release;
		};
		93BBC06E1645A2B3004BC920 /* Debug */ = {
			isa = XCBuildConfiguration;
			buildSettings = {
				ALWAYS_SEARCH_USER_PATHS = NO;
				CLANG_CXX_LANGUAGE_STANDARD = "gnu++0x";
				CLANG_CXX_LIBRARY = "libc++";
				CLANG_ENABLE_OBJC_ARC = YES;
				CLANG_WARN_EMPTY_BODY = YES;
				CLANG_WARN__DUPLICATE_METHOD_MATCH = YES;
				CODE_SIGN_IDENTITY = "iPhone Developer: Bryan Bonczek (7JX939L37Q)";
				"CODE_SIGN_IDENTITY[sdk=iphoneos*]" = "iPhone Developer";
				COPY_PHASE_STRIP = NO;
				FRAMEWORK_SEARCH_PATHS = (
					"$(inherited)",
					"\"$(SYSTEM_APPS_DIR)/Xcode.app/Contents/Developer/Library/Frameworks\"",
				);
				GCC_C_LANGUAGE_STANDARD = gnu99;
				GCC_DYNAMIC_NO_PIC = NO;
				GCC_OPTIMIZATION_LEVEL = 0;
				GCC_PRECOMPILE_PREFIX_HEADER = YES;
				GCC_PREFIX_HEADER = "tester/kingpinTestApplication-Prefix.pch";
				GCC_PREPROCESSOR_DEFINITIONS = (
					"DEBUG=1",
					"$(inherited)",
				);
				GCC_SYMBOLS_PRIVATE_EXTERN = NO;
				GCC_WARN_ABOUT_MISSING_NEWLINE = YES;
				GCC_WARN_ABOUT_RETURN_TYPE = YES;
				GCC_WARN_UNINITIALIZED_AUTOS = YES;
				GCC_WARN_UNUSED_VARIABLE = YES;
				INFOPLIST_FILE = "$(SRCROOT)/tester/kingpinTestApplication-Info.plist";
				IPHONEOS_DEPLOYMENT_TARGET = 6.0;
				ONLY_ACTIVE_ARCH = YES;
				PRODUCT_NAME = kingpinTestApplication;
				PROVISIONING_PROFILE = "0992FBE4-A430-4594-9D7C-0369CC910FA2";
				SDKROOT = iphoneos;
				WARNING_CFLAGS = (
					"-Wall",
					"-Wpedantic",
					"-Weverything",
					"-Wno-gnu",
					"-Wno-variadic-macros",
					"-Wno-objc-missing-property-synthesis",
				);
				WRAPPER_EXTENSION = app;
			};
			name = Debug;
		};
		93BBC06F1645A2B3004BC920 /* Release */ = {
			isa = XCBuildConfiguration;
			buildSettings = {
				ALWAYS_SEARCH_USER_PATHS = NO;
				CLANG_CXX_LANGUAGE_STANDARD = "gnu++0x";
				CLANG_CXX_LIBRARY = "libc++";
				CLANG_ENABLE_OBJC_ARC = YES;
				CLANG_WARN_EMPTY_BODY = YES;
				CLANG_WARN__DUPLICATE_METHOD_MATCH = YES;
				CODE_SIGN_IDENTITY = "iPhone Developer: Bryan Bonczek (7JX939L37Q)";
				"CODE_SIGN_IDENTITY[sdk=iphoneos*]" = "iPhone Developer";
				COPY_PHASE_STRIP = YES;
				FRAMEWORK_SEARCH_PATHS = (
					"$(inherited)",
					"\"$(SYSTEM_APPS_DIR)/Xcode.app/Contents/Developer/Library/Frameworks\"",
				);
				GCC_C_LANGUAGE_STANDARD = gnu99;
				GCC_PRECOMPILE_PREFIX_HEADER = YES;
				GCC_PREFIX_HEADER = "tester/kingpinTestApplication-Prefix.pch";
				GCC_WARN_ABOUT_MISSING_NEWLINE = YES;
				GCC_WARN_ABOUT_RETURN_TYPE = YES;
				GCC_WARN_UNINITIALIZED_AUTOS = YES;
				GCC_WARN_UNUSED_VARIABLE = YES;
				INFOPLIST_FILE = "$(SRCROOT)/tester/kingpinTestApplication-Info.plist";
				IPHONEOS_DEPLOYMENT_TARGET = 6.0;
				OTHER_CFLAGS = "-DNS_BLOCK_ASSERTIONS=1";
				PRODUCT_NAME = kingpinTestApplication;
				PROVISIONING_PROFILE = "0992FBE4-A430-4594-9D7C-0369CC910FA2";
				SDKROOT = iphoneos;
				VALIDATE_PRODUCT = YES;
				WARNING_CFLAGS = (
					"-Wall",
					"-Wpedantic",
					"-Weverything",
					"-Wno-gnu",
					"-Wno-variadic-macros",
					"-Wno-objc-missing-property-synthesis",
				);
				WRAPPER_EXTENSION = app;
			};
			name = Release;
		};
/* End XCBuildConfiguration section */

/* Begin XCConfigurationList section */
		918925A718E7732900812296 /* Build configuration list for PBXNativeTarget "kingpinTests" */ = {
			isa = XCConfigurationList;
			buildConfigurations = (
				918925A818E7732900812296 /* Debug */,
				918925A918E7732900812296 /* Release */,
			);
			defaultConfigurationIsVisible = 0;
			defaultConfigurationName = Release;
		};
		93BBC0321645A119004BC920 /* Build configuration list for PBXProject "kingpin" */ = {
			isa = XCConfigurationList;
			buildConfigurations = (
				93BBC0341645A119004BC920 /* Debug */,
				93BBC0351645A119004BC920 /* Release */,
			);
			defaultConfigurationIsVisible = 0;
			defaultConfigurationName = Release;
		};
		93BBC06D1645A2B3004BC920 /* Build configuration list for PBXNativeTarget "kingpinTestApplication" */ = {
			isa = XCConfigurationList;
			buildConfigurations = (
				93BBC06E1645A2B3004BC920 /* Debug */,
				93BBC06F1645A2B3004BC920 /* Release */,
			);
			defaultConfigurationIsVisible = 0;
			defaultConfigurationName = Release;
		};
/* End XCConfigurationList section */
	};
	rootObject = 93BBC02F1645A119004BC920 /* Project object */;
}
